
Microsoft Visual Studio Solution File, Format Version 12.00
# Visual Studio Version 17
VisualStudioVersion = 17.6.33723.286
MinimumVisualStudioVersion = 10.0.40219.1
Project("{FAE04EC0-301F-11D3-BF4B-00C04F79EFBC}") = "ListBoxSample", "ListBoxSample.csproj", "{9EE42347-445A-4B8E-96E2-5B1B3ABEB6AA}"
EndProject
Global
	GlobalSection(SolutionConfigurationPlatforms) = preSolution
		Debug|Any CPU = Debug|Any CPU
		Release|Any CPU = Release|Any CPU
	EndGlobalSection
	GlobalSection(ProjectConfigurationPlatforms) = postSolution
		{9EE42347-445A-4B8E-96E2-5B1B3ABEB6AA}.Debug|Any CPU.ActiveCfg = Debug|Any CPU
		{9EE42347-445A-4B8E-96E2-5B1B3ABEB6AA}.Debug|Any CPU.Build.0 = Debug|Any CPU
		{9EE42347-445A-4B8E-96E2-5B1B3ABEB6AA}.Release|Any CPU.ActiveCfg = Release|Any CPU
		{9EE42347-445A-4B8E-96E2-5B1B3ABEB6AA}.Release|Any CPU.Build.0 = Release|Any CPU
	EndGlobalSection
	GlobalSection(SolutionProperties) = preSolution
		HideSolutionNode = FALSE
	EndGlobalSection
	GlobalSection(ExtensibilityGlobals) = postSolution
		SolutionGuid = {6E0179D3-F717-4E2A-A339-F2B3EF0A7CDE}
	EndGlobalSection
EndGlobal
